
Microsoft Visual Studio Solution File, Format Version 12.00
# Visual Studio Version 16
VisualStudioVersion = 16.0.34407.143
MinimumVisualStudioVersion = 10.0.40219.1
Project("{8BC9CEB8-8B4A-11D0-8D11-00A0C91BC942}") = "corpuslz4", "corpuslz4.vcxproj", "{BF223E40-1F5A-4626-B581-98B3EBCA4161}"
EndProject
Global
	GlobalSection(SolutionConfigurationPlatforms) = preSolution
		Debug|x64 = Debug|x64
		Debug|x86 = Debug|x86
		Release|x64 = Release|x64
		Release|x86 = Release|x86
	EndGlobalSection
	GlobalSection(ProjectConfigurationPlatforms) = postSolution
		{BF223E40-1F5A-4626-B581-98B3EBCA4161}.Debug|x64.ActiveCfg = Debug|x64
		{BF223E40-1F5A-4626-B581-98B3EBCA4161}.Debug|x64.Build.0 = Debug|x64
		{BF223E40-1F5A-4626-B581-98B3EBCA4161}.Debug|x86.ActiveCfg = Debug|Win32
		{BF223E40-1F5A-4626-B581-98B3EBCA4161}.Debug|x86.Build.0 = Debug|Win32
		{BF223E40-1F5A-4626-B581-98B3EBCA4161}.Release|x64.ActiveCfg = Release|x64
		{BF223E40-1F5A-4626-B581-98B3EBCA4161}.Release|x64.Build.0 = Release|x64
		{BF223E40-1F5A-4626-B581-98B3EBCA4161}.Release|x86.ActiveCfg = Release|Win32
		{BF223E40-1F5A-4626-B581-98B3EBCA4161}.Release|x86.Build.0 = Release|Win32
	EndGlobalSection
	GlobalSection(SolutionProperties) = preSolution
		HideSolutionNode = FALSE
	EndGlobalSection
	GlobalSection(ExtensibilityGlobals) = postSolution
		SolutionGuid = {BF9C0405-BEBF-4774-8331-9B0C762868CA}
	EndGlobalSection
EndGlobal
